{
  "version": 4,
  "terraform_version": "1.0.8",
  "serial": 7,
  "lineage": "93b04689-cf1e-266d-6b96-90d888dde082",
  "outputs": {},
  "resources": [
    {
      "mode": "managed",
      "type": "google_cloudiot_registry",
      "name": "iot-poc-registry",
      "provider": "provider[\"registry.terraform.io/hashicorp/google\"]",
      "instances": [
        {
          "schema_version": 0,
          "attributes": {
            "credentials": [
              {
                "public_key_certificate": {
                  "certificate": "-----BEGIN CERTIFICATE-----\nMIICnjCCAYYCCQCz2mkAB3jQHzANBgkqhkiG9w0BAQsFADARMQ8wDQYDVQQDDAZ1\nbnVzZWQwHhcNMjExMDI5MTYzMTM2WhcNMjExMTI4MTYzMTM2WjARMQ8wDQYDVQQD\nDAZ1bnVzZWQwggEiMA0GCSqGSIb3DQEBAQUAA4IBDwAwggEKAoIBAQDPmeO7EWJj\n3EdI15C18qODydeaX2PuDLVUGb9d4BtYcZmj6si0Dbsxkap5RL5AZ2KJmFrmTry8\noyMKPUN+ELA7NDDxGkH6uk/+uOonVM24dolHMaX2qKp3biZIYe8KH2OxEkKYf2Ph\nD2FMUF6RfAv+O3gyv39MK4+KfRWY0mS7rkGfljcb1qlPM3NTnU9emZI/LXIVYQ2i\n/cqvtYAbP7UJRyAg1Y3/+6kwtkPEisBLxz/LWH48C28x8I4rCR+GXVztqVRy+YPQ\nQUQEAMOTb057ajrKPKqETdHsq8y/zf8G9cv1hMUbCQRyxPubazLLJlb3Fw4fXbA/\nck0RS9MAG+1FAgMBAAEwDQYJKoZIhvcNAQELBQADggEBACR0fOb/CSxS1toKXpbD\nFba4DsBMY7pYx0wRw18cULlPKuUN2oQE+QItp18lxk355XWZJs/OGj/h0iZjBrSF\ne+HZt5nThwsRJgmc96Mc7uHIF7rVc0HTCiE/O4hxkWBuyGbmHUTCpoZjF7cYy1qc\nh41JdvezAOAUdUarkFt8IzX+8OYVg5Jfwco2S7ECdhMm8VZBeamFFBcWmM2Ni3BW\n4A7ApGk7306qxbIlQAG2JsOh0n0+BaUzSqS4+pgwKi450ox0cJmzG4CCTAdIJ7X9\nA2CXcFa5/OraKtOJxrnCvLNYnb1KrEPNd56pqNR9DPz03uHJBjsyWt395SGEhXr+\nKgM=\n-----END CERTIFICATE-----\n",
                  "format": "X509_CERTIFICATE_PEM"
                }
              }
            ],
            "event_notification_configs": [
              {
                "pubsub_topic_name": "projects/iot-poc-330513/topics/default-telemetry",
                "subfolder_matches": ""
              }
            ],
            "http_config": {
              "http_enabled_state": "HTTP_DISABLED"
            },
            "id": "projects/iot-poc-330513/locations/europe-west1/registries/iot-poc-registry",
            "log_level": "DEBUG",
            "mqtt_config": {
              "mqtt_enabled_state": "MQTT_ENABLED"
            },
            "name": "iot-poc-registry",
            "project": "iot-poc-330513",
            "region": "europe-west1",
            "state_notification_config": {
              "pubsub_topic_name": "projects/iot-poc-330513/topics/default-devicestatus"
            },
            "timeouts": null
          },
          "sensitive_attributes": [],
          "private": "eyJlMmJmYjczMC1lY2FhLTExZTYtOGY4OC0zNDM2M2JjN2M0YzAiOnsiY3JlYXRlIjoyNDAwMDAwMDAwMDAsImRlbGV0ZSI6MjQwMDAwMDAwMDAwLCJ1cGRhdGUiOjI0MDAwMDAwMDAwMH19",
          "dependencies": [
            "google_pubsub_topic.default-devicestatus",
            "google_pubsub_topic.default-telemetry"
          ]
        }
      ]
    },
    {
      "mode": "managed",
      "type": "google_pubsub_topic",
      "name": "default-devicestatus",
      "provider": "provider[\"registry.terraform.io/hashicorp/google\"]",
      "instances": [
        {
          "schema_version": 0,
          "attributes": {
            "id": "projects/iot-poc-330513/topics/default-devicestatus",
            "kms_key_name": "",
            "labels": null,
            "message_storage_policy": [],
            "name": "default-devicestatus",
            "project": "iot-poc-330513",
            "schema_settings": [],
            "timeouts": null
          },
          "sensitive_attributes": [],
          "private": "eyJlMmJmYjczMC1lY2FhLTExZTYtOGY4OC0zNDM2M2JjN2M0YzAiOnsiY3JlYXRlIjozNjAwMDAwMDAwMDAsImRlbGV0ZSI6MjQwMDAwMDAwMDAwLCJ1cGRhdGUiOjM2MDAwMDAwMDAwMH19"
        }
      ]
    },
    {
      "mode": "managed",
      "type": "google_pubsub_topic",
      "name": "default-telemetry",
      "provider": "provider[\"registry.terraform.io/hashicorp/google\"]",
      "instances": [
        {
          "schema_version": 0,
          "attributes": {
            "id": "projects/iot-poc-330513/topics/default-telemetry",
            "kms_key_name": "",
            "labels": null,
            "message_storage_policy": [],
            "name": "default-telemetry",
            "project": "iot-poc-330513",
            "schema_settings": [],
            "timeouts": null
          },
          "sensitive_attributes": [],
          "private": "eyJlMmJmYjczMC1lY2FhLTExZTYtOGY4OC0zNDM2M2JjN2M0YzAiOnsiY3JlYXRlIjozNjAwMDAwMDAwMDAsImRlbGV0ZSI6MjQwMDAwMDAwMDAwLCJ1cGRhdGUiOjM2MDAwMDAwMDAwMH19"
        }
      ]
    }
  ]
}
